Microsoft Visual Studio Solution File, Format Version 8.00
Project("{8BC9CEB8-8B4A-11D0-8D11-00A0C91BC942}") = "MatildeTracker", "MatildeTracker.vcproj", "{93864A87-3D97-4850-A280-3B66A258F0FA}"
	ProjectSection(ProjectDependencies) = postProject
	EndProjectSection
EndProject
Global
	GlobalSection(SolutionConfiguration) = preSolution
		Debug = Debug
		Debug Mono = Debug Mono
		Release = Release
		Release Mono = Release Mono
	EndGlobalSection
	GlobalSection(ProjectConfiguration) = postSolution
		{93864A87-3D97-4850-A280-3B66A258F0FA}.Debug.ActiveCfg = Debug|Win32
		{93864A87-3D97-4850-A280-3B66A258F0FA}.Debug.Build.0 = Debug|Win32
		{93864A87-3D97-4850-A280-3B66A258F0FA}.Debug Mono.ActiveCfg = Debug Mono|Win32
		{93864A87-3D97-4850-A280-3B66A258F0FA}.Debug Mono.Build.0 = Debug Mono|Win32
		{93864A87-3D97-4850-A280-3B66A258F0FA}.Release.ActiveCfg = Release|Win32
		{93864A87-3D97-4850-A280-3B66A258F0FA}.Release.Build.0 = Release|Win32
		{93864A87-3D97-4850-A280-3B66A258F0FA}.Release Mono.ActiveCfg = Release Mono|Win32
		{93864A87-3D97-4850-A280-3B66A258F0FA}.Release Mono.Build.0 = Release Mono|Win32
	EndGlobalSection
	GlobalSection(ExtensibilityGlobals) = postSolution
	EndGlobalSection
	GlobalSection(ExtensibilityAddIns) = postSolution
	EndGlobalSection
EndGlobal
